
Microsoft Visual Studio Solution File, Format Version 12.00
# Visual Studio Version 17
VisualStudioVersion = 17.12.35707.178 d17.12
MinimumVisualStudioVersion = 10.0.40219.1
Project("{8BC9CEB8-8B4A-11D0-8D11-00A0C91BC942}") = "Compress", "Tools\Compress\Compress.vcxproj", "{CA938EB6-B3F2-456A-94A3-6AB144E57408}"
EndProject
Project("{8BC9CEB8-8B4A-11D0-8D11-00A0C91BC942}") = "Compression", "Libraries\Source\Compression\Compression.vcxproj", "{72A36DC7-8FE2-439A-A503-F220901CC311}"
EndProject
Project("{8BC9CEB8-8B4A-11D0-8D11-00A0C91BC942}") = "DatGen", "Tools\Launcher\DatGen\DatGen.vcxproj", "{2CAF3C67-B2DA-4937-89F9-E8B60CD14CA3}"
EndProject
Project("{8BC9CEB8-8B4A-11D0-8D11-00A0C91BC942}") = "DebugWindow", "Tools\DebugWindow\DebugWindow.vcxproj", "{4009B7D6-8F7F-472A-BB42-F73F599757FF}"
EndProject
Project("{8BC9CEB8-8B4A-11D0-8D11-00A0C91BC942}") = "EABrowserDispatch", "Libraries\Source\EABrowserDispatch\EABrowserDispatch.vcxproj", "{60F187A6-9F0A-4867-9098-A9686D0E831E}"
EndProject
Project("{8BC9CEB8-8B4A-11D0-8D11-00A0C91BC942}") = "GUIEdit", "Tools\GUIEdit\GUIEdit.vcxproj", "{B30A83C0-4CD7-4B00-911A-BAD8D924CC1F}"
EndProject
Project("{8BC9CEB8-8B4A-11D0-8D11-00A0C91BC942}") = "GameEngine", "GameEngine\GameEngine.vcxproj", "{54D11EA6-8CD0-42D9-9ED5-82BDC2F894A4}"
EndProject
Project("{8BC9CEB8-8B4A-11D0-8D11-00A0C91BC942}") = "GameEngineDevice", "GameEngineDevice\GameEngineDevice.vcxproj", "{45F142C2-2B6A-42D3-A8A1-6E6726C951A9}"
EndProject
Project("{8BC9CEB8-8B4A-11D0-8D11-00A0C91BC942}") = "ImagePacker", "Tools\ImagePacker\ImagePacker.vcxproj", "{F254AA1F-70F9-4B9D-8788-C84F7A9CC0EE}"
EndProject
Project("{8BC9CEB8-8B4A-11D0-8D11-00A0C91BC942}") = "MapCacheBuilder", "Tools\MapCacheBuilder\MapCacheBuilder.vcxproj", "{622AD2CB-5E4D-46C3-B007-2FE8B4329C78}"
EndProject
Project("{8BC9CEB8-8B4A-11D0-8D11-00A0C91BC942}") = "ParticleEditor", "Tools\ParticleEditor\ParticleEditor.vcxproj", "{ED91CF2D-FF0B-4568-8DC8-9911A75646DC}"
EndProject
Project("{8BC9CEB8-8B4A-11D0-8D11-00A0C91BC942}") = "RTS", "RTS.vcxproj", "{1BF80399-C9E3-464C-9263-CFB3C432B74C}"
EndProject
Project("{8BC9CEB8-8B4A-11D0-8D11-00A0C91BC942}") = "WWDownload", "Libraries\Source\WWVegas\WWDownload\WWDownload.vcxproj", "{46CF04D9-1C8E-4F31-AF11-AE8DBE8A9004}"
EndProject
Project("{8BC9CEB8-8B4A-11D0-8D11-00A0C91BC942}") = "WorldBuilder", "Tools\WorldBuilder\WorldBuilder.vcxproj", "{0E6EFCB3-E745-4787-9A22-B606C6517782}"
EndProject
Project("{8BC9CEB8-8B4A-11D0-8D11-00A0C91BC942}") = "buildVersionUpdate", "Tools\buildVersionUpdate\buildVersionUpdate.vcxproj", "{578B769B-5E19-4929-B943-2E7D2C878615}"
EndProject
Project("{8BC9CEB8-8B4A-11D0-8D11-00A0C91BC942}") = "launcher", "Tools\Launcher\launcher.vcxproj", "{03E354A5-4ED0-436D-8C8C-42E546118CCA}"
EndProject
Project("{8BC9CEB8-8B4A-11D0-8D11-00A0C91BC942}") = "max2w3d", "Tools\WW3D\max2w3d\max2w3d.vcxproj", "{0754ABA6-2972-410B-878E-610BE35E6149}"
EndProject
Project("{8BC9CEB8-8B4A-11D0-8D11-00A0C91BC942}") = "pluglib", "Tools\WW3D\pluglib\pluglib.vcxproj", "{D2AE9DAA-C895-47CA-93E6-902EC4FA3A30}"
EndProject
Project("{8BC9CEB8-8B4A-11D0-8D11-00A0C91BC942}") = "textureCompress", "Tools\textureCompress\textureCompress.vcxproj", "{A9A32487-8F25-4F5A-A8CF-0F4D66F93288}"
EndProject
Project("{8BC9CEB8-8B4A-11D0-8D11-00A0C91BC942}") = "versionUpdate", "Tools\versionUpdate\versionUpdate.vcxproj", "{83FCC1E0-E231-4C1E-A545-451F7131CEBF}"
EndProject
Project("{8BC9CEB8-8B4A-11D0-8D11-00A0C91BC942}") = "ww3d2", "Libraries\Source\WWVegas\WW3D2\ww3d2.vcxproj", "{F7415AFA-EE56-48F9-A42B-3101D93675F6}"
EndProject
Project("{8BC9CEB8-8B4A-11D0-8D11-00A0C91BC942}") = "wwdebug", "Libraries\Source\WWVegas\WWDebug\wwdebug.vcxproj", "{4E83553C-D499-4D91-B744-5AAC6986A33B}"
EndProject
Project("{8BC9CEB8-8B4A-11D0-8D11-00A0C91BC942}") = "wwlib", "Libraries\Source\WWVegas\WWLib\wwlib.vcxproj", "{441114DE-F54C-4876-978A-C288103CEEA0}"
EndProject
Project("{8BC9CEB8-8B4A-11D0-8D11-00A0C91BC942}") = "wwmath", "Libraries\Source\WWVegas\WWMath\wwmath.vcxproj", "{034E07EF-9C39-4A94-9BC9-E19B18996951}"
EndProject
Project("{8BC9CEB8-8B4A-11D0-8D11-00A0C91BC942}") = "wwsaveload", "Libraries\Source\WWVegas\WWSaveLoad\wwsaveload.vcxproj", "{86908043-4887-4A76-8DA4-3350E9932E32}"
EndProject
Project("{8BC9CEB8-8B4A-11D0-8D11-00A0C91BC942}") = "wwutil", "Libraries\Source\WWVegas\Wwutil\wwutil.vcxproj", "{BB333CD2-42E0-4787-8C7F-1ADD61DAF031}"
EndProject
Global
	GlobalSection(SolutionConfigurationPlatforms) = preSolution
		Debug|Win32 = Debug|Win32
		DebugE|Win32 = DebugE|Win32
		Hybrid|Win32 = Hybrid|Win32
		Internal|Win32 = Internal|Win32
		Max4Hybrid|Win32 = Max4Hybrid|Win32
		Max4Release|Win32 = Max4Release|Win32
		Profile|Win32 = Profile|Win32
		ProfileE|Win32 = ProfileE|Win32
		Release|Win32 = Release|Win32
	EndGlobalSection
	GlobalSection(ProjectConfigurationPlatforms) = postSolution
		{CA938EB6-B3F2-456A-94A3-6AB144E57408}.Debug|Win32.ActiveCfg = Debug|Win32
		{CA938EB6-B3F2-456A-94A3-6AB144E57408}.Debug|Win32.Build.0 = Debug|Win32
		{CA938EB6-B3F2-456A-94A3-6AB144E57408}.DebugE|Win32.ActiveCfg = Debug|Win32
		{CA938EB6-B3F2-456A-94A3-6AB144E57408}.DebugE|Win32.Build.0 = Debug|Win32
		{CA938EB6-B3F2-456A-94A3-6AB144E57408}.Hybrid|Win32.ActiveCfg = Debug|Win32
		{CA938EB6-B3F2-456A-94A3-6AB144E57408}.Hybrid|Win32.Build.0 = Debug|Win32
		{CA938EB6-B3F2-456A-94A3-6AB144E57408}.Internal|Win32.ActiveCfg = Debug|Win32
		{CA938EB6-B3F2-456A-94A3-6AB144E57408}.Internal|Win32.Build.0 = Debug|Win32
		{CA938EB6-B3F2-456A-94A3-6AB144E57408}.Max4Hybrid|Win32.ActiveCfg = Debug|Win32
		{CA938EB6-B3F2-456A-94A3-6AB144E57408}.Max4Hybrid|Win32.Build.0 = Debug|Win32
		{CA938EB6-B3F2-456A-94A3-6AB144E57408}.Max4Release|Win32.ActiveCfg = Release|Win32
		{CA938EB6-B3F2-456A-94A3-6AB144E57408}.Max4Release|Win32.Build.0 = Release|Win32
		{CA938EB6-B3F2-456A-94A3-6AB144E57408}.Profile|Win32.ActiveCfg = Debug|Win32
		{CA938EB6-B3F2-456A-94A3-6AB144E57408}.Profile|Win32.Build.0 = Debug|Win32
		{CA938EB6-B3F2-456A-94A3-6AB144E57408}.ProfileE|Win32.ActiveCfg = Debug|Win32
		{CA938EB6-B3F2-456A-94A3-6AB144E57408}.ProfileE|Win32.Build.0 = Debug|Win32
		{CA938EB6-B3F2-456A-94A3-6AB144E57408}.Release|Win32.ActiveCfg = Release|Win32
		{CA938EB6-B3F2-456A-94A3-6AB144E57408}.Release|Win32.Build.0 = Release|Win32
		{72A36DC7-8FE2-439A-A503-F220901CC311}.Debug|Win32.ActiveCfg = Debug|Win32
		{72A36DC7-8FE2-439A-A503-F220901CC311}.Debug|Win32.Build.0 = Debug|Win32
		{72A36DC7-8FE2-439A-A503-F220901CC311}.DebugE|Win32.ActiveCfg = Debug|Win32
		{72A36DC7-8FE2-439A-A503-F220901CC311}.DebugE|Win32.Build.0 = Debug|Win32
		{72A36DC7-8FE2-439A-A503-F220901CC311}.Hybrid|Win32.ActiveCfg = Debug|Win32
		{72A36DC7-8FE2-439A-A503-F220901CC311}.Hybrid|Win32.Build.0 = Debug|Win32
		{72A36DC7-8FE2-439A-A503-F220901CC311}.Internal|Win32.ActiveCfg = Internal|Win32
		{72A36DC7-8FE2-439A-A503-F220901CC311}.Internal|Win32.Build.0 = Internal|Win32
		{72A36DC7-8FE2-439A-A503-F220901CC311}.Max4Hybrid|Win32.ActiveCfg = Debug|Win32
		{72A36DC7-8FE2-439A-A503-F220901CC311}.Max4Hybrid|Win32.Build.0 = Debug|Win32
		{72A36DC7-8FE2-439A-A503-F220901CC311}.Max4Release|Win32.ActiveCfg = Release|Win32
		{72A36DC7-8FE2-439A-A503-F220901CC311}.Max4Release|Win32.Build.0 = Release|Win32
		{72A36DC7-8FE2-439A-A503-F220901CC311}.Profile|Win32.ActiveCfg = Debug|Win32
		{72A36DC7-8FE2-439A-A503-F220901CC311}.Profile|Win32.Build.0 = Debug|Win32
		{72A36DC7-8FE2-439A-A503-F220901CC311}.ProfileE|Win32.ActiveCfg = Debug|Win32
		{72A36DC7-8FE2-439A-A503-F220901CC311}.ProfileE|Win32.Build.0 = Debug|Win32
		{72A36DC7-8FE2-439A-A503-F220901CC311}.Release|Win32.ActiveCfg = Release|Win32
		{72A36DC7-8FE2-439A-A503-F220901CC311}.Release|Win32.Build.0 = Release|Win32
		{2CAF3C67-B2DA-4937-89F9-E8B60CD14CA3}.Debug|Win32.ActiveCfg = Debug|Win32
		{2CAF3C67-B2DA-4937-89F9-E8B60CD14CA3}.Debug|Win32.Build.0 = Debug|Win32
		{2CAF3C67-B2DA-4937-89F9-E8B60CD14CA3}.DebugE|Win32.ActiveCfg = Debug|Win32
		{2CAF3C67-B2DA-4937-89F9-E8B60CD14CA3}.DebugE|Win32.Build.0 = Debug|Win32
		{2CAF3C67-B2DA-4937-89F9-E8B60CD14CA3}.Hybrid|Win32.ActiveCfg = Release|Win32
		{2CAF3C67-B2DA-4937-89F9-E8B60CD14CA3}.Hybrid|Win32.Build.0 = Release|Win32
		{2CAF3C67-B2DA-4937-89F9-E8B60CD14CA3}.Internal|Win32.ActiveCfg = Release|Win32
		{2CAF3C67-B2DA-4937-89F9-E8B60CD14CA3}.Internal|Win32.Build.0 = Release|Win32
		{2CAF3C67-B2DA-4937-89F9-E8B60CD14CA3}.Max4Hybrid|Win32.ActiveCfg = Release|Win32
		{2CAF3C67-B2DA-4937-89F9-E8B60CD14CA3}.Max4Hybrid|Win32.Build.0 = Release|Win32
		{2CAF3C67-B2DA-4937-89F9-E8B60CD14CA3}.Max4Release|Win32.ActiveCfg = Release|Win32
		{2CAF3C67-B2DA-4937-89F9-E8B60CD14CA3}.Max4Release|Win32.Build.0 = Release|Win32
		{2CAF3C67-B2DA-4937-89F9-E8B60CD14CA3}.Profile|Win32.ActiveCfg = Release|Win32
		{2CAF3C67-B2DA-4937-89F9-E8B60CD14CA3}.Profile|Win32.Build.0 = Release|Win32
		{2CAF3C67-B2DA-4937-89F9-E8B60CD14CA3}.ProfileE|Win32.ActiveCfg = Release|Win32
		{2CAF3C67-B2DA-4937-89F9-E8B60CD14CA3}.ProfileE|Win32.Build.0 = Release|Win32
		{2CAF3C67-B2DA-4937-89F9-E8B60CD14CA3}.Release|Win32.ActiveCfg = Release|Win32
		{2CAF3C67-B2DA-4937-89F9-E8B60CD14CA3}.Release|Win32.Build.0 = Release|Win32
		{4009B7D6-8F7F-472A-BB42-F73F599757FF}.Debug|Win32.ActiveCfg = Debug|Win32
		{4009B7D6-8F7F-472A-BB42-F73F599757FF}.Debug|Win32.Build.0 = Debug|Win32
		{4009B7D6-8F7F-472A-BB42-F73F599757FF}.DebugE|Win32.ActiveCfg = Debug|Win32
		{4009B7D6-8F7F-472A-BB42-F73F599757FF}.DebugE|Win32.Build.0 = Debug|Win32
		{4009B7D6-8F7F-472A-BB42-F73F599757FF}.Hybrid|Win32.ActiveCfg = Release|Win32
		{4009B7D6-8F7F-472A-BB42-F73F599757FF}.Hybrid|Win32.Build.0 = Release|Win32
		{4009B7D6-8F7F-472A-BB42-F73F599757FF}.Internal|Win32.ActiveCfg = Release|Win32
		{4009B7D6-8F7F-472A-BB42-F73F599757FF}.Internal|Win32.Build.0 = Release|Win32
		{4009B7D6-8F7F-472A-BB42-F73F599757FF}.Max4Hybrid|Win32.ActiveCfg = Release|Win32
		{4009B7D6-8F7F-472A-BB42-F73F599757FF}.Max4Hybrid|Win32.Build.0 = Release|Win32
		{4009B7D6-8F7F-472A-BB42-F73F599757FF}.Max4Release|Win32.ActiveCfg = Release|Win32
		{4009B7D6-8F7F-472A-BB42-F73F599757FF}.Max4Release|Win32.Build.0 = Release|Win32
		{4009B7D6-8F7F-472A-BB42-F73F599757FF}.Profile|Win32.ActiveCfg = Release|Win32
		{4009B7D6-8F7F-472A-BB42-F73F599757FF}.Profile|Win32.Build.0 = Release|Win32
		{4009B7D6-8F7F-472A-BB42-F73F599757FF}.ProfileE|Win32.ActiveCfg = Release|Win32
		{4009B7D6-8F7F-472A-BB42-F73F599757FF}.ProfileE|Win32.Build.0 = Release|Win32
		{4009B7D6-8F7F-472A-BB42-F73F599757FF}.Release|Win32.ActiveCfg = Release|Win32
		{4009B7D6-8F7F-472A-BB42-F73F599757FF}.Release|Win32.Build.0 = Release|Win32
		{60F187A6-9F0A-4867-9098-A9686D0E831E}.Debug|Win32.ActiveCfg = Debug|Win32
		{60F187A6-9F0A-4867-9098-A9686D0E831E}.Debug|Win32.Build.0 = Debug|Win32
		{60F187A6-9F0A-4867-9098-A9686D0E831E}.DebugE|Win32.ActiveCfg = Debug|Win32
		{60F187A6-9F0A-4867-9098-A9686D0E831E}.DebugE|Win32.Build.0 = Debug|Win32
		{60F187A6-9F0A-4867-9098-A9686D0E831E}.Hybrid|Win32.ActiveCfg = Internal|Win32
		{60F187A6-9F0A-4867-9098-A9686D0E831E}.Hybrid|Win32.Build.0 = Internal|Win32
		{60F187A6-9F0A-4867-9098-A9686D0E831E}.Internal|Win32.ActiveCfg = Internal|Win32
		{60F187A6-9F0A-4867-9098-A9686D0E831E}.Internal|Win32.Build.0 = Internal|Win32
		{60F187A6-9F0A-4867-9098-A9686D0E831E}.Max4Hybrid|Win32.ActiveCfg = Internal|Win32
		{60F187A6-9F0A-4867-9098-A9686D0E831E}.Max4Hybrid|Win32.Build.0 = Internal|Win32
		{60F187A6-9F0A-4867-9098-A9686D0E831E}.Max4Release|Win32.ActiveCfg = Release|Win32
		{60F187A6-9F0A-4867-9098-A9686D0E831E}.Max4Release|Win32.Build.0 = Release|Win32
		{60F187A6-9F0A-4867-9098-A9686D0E831E}.Profile|Win32.ActiveCfg = Internal|Win32
		{60F187A6-9F0A-4867-9098-A9686D0E831E}.Profile|Win32.Build.0 = Internal|Win32
		{60F187A6-9F0A-4867-9098-A9686D0E831E}.ProfileE|Win32.ActiveCfg = Internal|Win32
		{60F187A6-9F0A-4867-9098-A9686D0E831E}.ProfileE|Win32.Build.0 = Internal|Win32
		{60F187A6-9F0A-4867-9098-A9686D0E831E}.Release|Win32.ActiveCfg = Release|Win32
		{60F187A6-9F0A-4867-9098-A9686D0E831E}.Release|Win32.Build.0 = Release|Win32
		{B30A83C0-4CD7-4B00-911A-BAD8D924CC1F}.Debug|Win32.ActiveCfg = Debug|Win32
		{B30A83C0-4CD7-4B00-911A-BAD8D924CC1F}.Debug|Win32.Build.0 = Debug|Win32
		{B30A83C0-4CD7-4B00-911A-BAD8D924CC1F}.DebugE|Win32.ActiveCfg = Debug|Win32
		{B30A83C0-4CD7-4B00-911A-BAD8D924CC1F}.DebugE|Win32.Build.0 = Debug|Win32
		{B30A83C0-4CD7-4B00-911A-BAD8D924CC1F}.Hybrid|Win32.ActiveCfg = Internal|Win32
		{B30A83C0-4CD7-4B00-911A-BAD8D924CC1F}.Hybrid|Win32.Build.0 = Internal|Win32
		{B30A83C0-4CD7-4B00-911A-BAD8D924CC1F}.Internal|Win32.ActiveCfg = Internal|Win32
		{B30A83C0-4CD7-4B00-911A-BAD8D924CC1F}.Internal|Win32.Build.0 = Internal|Win32
		{B30A83C0-4CD7-4B00-911A-BAD8D924CC1F}.Max4Hybrid|Win32.ActiveCfg = Internal|Win32
		{B30A83C0-4CD7-4B00-911A-BAD8D924CC1F}.Max4Hybrid|Win32.Build.0 = Internal|Win32
		{B30A83C0-4CD7-4B00-911A-BAD8D924CC1F}.Max4Release|Win32.ActiveCfg = Release|Win32
		{B30A83C0-4CD7-4B00-911A-BAD8D924CC1F}.Max4Release|Win32.Build.0 = Release|Win32
		{B30A83C0-4CD7-4B00-911A-BAD8D924CC1F}.Profile|Win32.ActiveCfg = Internal|Win32
		{B30A83C0-4CD7-4B00-911A-BAD8D924CC1F}.Profile|Win32.Build.0 = Internal|Win32
		{B30A83C0-4CD7-4B00-911A-BAD8D924CC1F}.ProfileE|Win32.ActiveCfg = Internal|Win32
		{B30A83C0-4CD7-4B00-911A-BAD8D924CC1F}.ProfileE|Win32.Build.0 = Internal|Win32
		{B30A83C0-4CD7-4B00-911A-BAD8D924CC1F}.Release|Win32.ActiveCfg = Release|Win32
		{B30A83C0-4CD7-4B00-911A-BAD8D924CC1F}.Release|Win32.Build.0 = Release|Win32
		{54D11EA6-8CD0-42D9-9ED5-82BDC2F894A4}.Debug|Win32.ActiveCfg = Debug|Win32
		{54D11EA6-8CD0-42D9-9ED5-82BDC2F894A4}.Debug|Win32.Build.0 = Debug|Win32
		{54D11EA6-8CD0-42D9-9ED5-82BDC2F894A4}.DebugE|Win32.ActiveCfg = Debug|Win32
		{54D11EA6-8CD0-42D9-9ED5-82BDC2F894A4}.DebugE|Win32.Build.0 = Debug|Win32
		{54D11EA6-8CD0-42D9-9ED5-82BDC2F894A4}.Hybrid|Win32.ActiveCfg = Release|Win32
		{54D11EA6-8CD0-42D9-9ED5-82BDC2F894A4}.Hybrid|Win32.Build.0 = Release|Win32
		{54D11EA6-8CD0-42D9-9ED5-82BDC2F894A4}.Internal|Win32.ActiveCfg = Internal|Win32
		{54D11EA6-8CD0-42D9-9ED5-82BDC2F894A4}.Internal|Win32.Build.0 = Internal|Win32
		{54D11EA6-8CD0-42D9-9ED5-82BDC2F894A4}.Max4Hybrid|Win32.ActiveCfg = Release|Win32
		{54D11EA6-8CD0-42D9-9ED5-82BDC2F894A4}.Max4Hybrid|Win32.Build.0 = Release|Win32
		{54D11EA6-8CD0-42D9-9ED5-82BDC2F894A4}.Max4Release|Win32.ActiveCfg = Release|Win32
		{54D11EA6-8CD0-42D9-9ED5-82BDC2F894A4}.Max4Release|Win32.Build.0 = Release|Win32
		{54D11EA6-8CD0-42D9-9ED5-82BDC2F894A4}.Profile|Win32.ActiveCfg = Release|Win32
		{54D11EA6-8CD0-42D9-9ED5-82BDC2F894A4}.Profile|Win32.Build.0 = Release|Win32
		{54D11EA6-8CD0-42D9-9ED5-82BDC2F894A4}.ProfileE|Win32.ActiveCfg = Release|Win32
		{54D11EA6-8CD0-42D9-9ED5-82BDC2F894A4}.ProfileE|Win32.Build.0 = Release|Win32
		{54D11EA6-8CD0-42D9-9ED5-82BDC2F894A4}.Release|Win32.ActiveCfg = Release|Win32
		{54D11EA6-8CD0-42D9-9ED5-82BDC2F894A4}.Release|Win32.Build.0 = Release|Win32
		{45F142C2-2B6A-42D3-A8A1-6E6726C951A9}.Debug|Win32.ActiveCfg = Debug|Win32
		{45F142C2-2B6A-42D3-A8A1-6E6726C951A9}.Debug|Win32.Build.0 = Debug|Win32
		{45F142C2-2B6A-42D3-A8A1-6E6726C951A9}.DebugE|Win32.ActiveCfg = Debug|Win32
		{45F142C2-2B6A-42D3-A8A1-6E6726C951A9}.DebugE|Win32.Build.0 = Debug|Win32
		{45F142C2-2B6A-42D3-A8A1-6E6726C951A9}.Hybrid|Win32.ActiveCfg = Release|Win32
		{45F142C2-2B6A-42D3-A8A1-6E6726C951A9}.Hybrid|Win32.Build.0 = Release|Win32
		{45F142C2-2B6A-42D3-A8A1-6E6726C951A9}.Internal|Win32.ActiveCfg = Internal|Win32
		{45F142C2-2B6A-42D3-A8A1-6E6726C951A9}.Internal|Win32.Build.0 = Internal|Win32
		{45F142C2-2B6A-42D3-A8A1-6E6726C951A9}.Max4Hybrid|Win32.ActiveCfg = Release|Win32
		{45F142C2-2B6A-42D3-A8A1-6E6726C951A9}.Max4Hybrid|Win32.Build.0 = Release|Win32
		{45F142C2-2B6A-42D3-A8A1-6E6726C951A9}.Max4Release|Win32.ActiveCfg = Release|Win32
		{45F142C2-2B6A-42D3-A8A1-6E6726C951A9}.Max4Release|Win32.Build.0 = Release|Win32
		{45F142C2-2B6A-42D3-A8A1-6E6726C951A9}.Profile|Win32.ActiveCfg = Release|Win32
		{45F142C2-2B6A-42D3-A8A1-6E6726C951A9}.Profile|Win32.Build.0 = Release|Win32
		{45F142C2-2B6A-42D3-A8A1-6E6726C951A9}.ProfileE|Win32.ActiveCfg = Release|Win32
		{45F142C2-2B6A-42D3-A8A1-6E6726C951A9}.ProfileE|Win32.Build.0 = Release|Win32
		{45F142C2-2B6A-42D3-A8A1-6E6726C951A9}.Release|Win32.ActiveCfg = Release|Win32
		{45F142C2-2B6A-42D3-A8A1-6E6726C951A9}.Release|Win32.Build.0 = Release|Win32
		{F254AA1F-70F9-4B9D-8788-C84F7A9CC0EE}.Debug|Win32.ActiveCfg = Debug|Win32
		{F254AA1F-70F9-4B9D-8788-C84F7A9CC0EE}.Debug|Win32.Build.0 = Debug|Win32
		{F254AA1F-70F9-4B9D-8788-C84F7A9CC0EE}.DebugE|Win32.ActiveCfg = Debug|Win32
		{F254AA1F-70F9-4B9D-8788-C84F7A9CC0EE}.DebugE|Win32.Build.0 = Debug|Win32
		{F254AA1F-70F9-4B9D-8788-C84F7A9CC0EE}.Hybrid|Win32.ActiveCfg = Release|Win32
		{F254AA1F-70F9-4B9D-8788-C84F7A9CC0EE}.Hybrid|Win32.Build.0 = Release|Win32
		{F254AA1F-70F9-4B9D-8788-C84F7A9CC0EE}.Internal|Win32.ActiveCfg = Internal|Win32
		{F254AA1F-70F9-4B9D-8788-C84F7A9CC0EE}.Internal|Win32.Build.0 = Internal|Win32
		{F254AA1F-70F9-4B9D-8788-C84F7A9CC0EE}.Max4Hybrid|Win32.ActiveCfg = Release|Win32
		{F254AA1F-70F9-4B9D-8788-C84F7A9CC0EE}.Max4Hybrid|Win32.Build.0 = Release|Win32
		{F254AA1F-70F9-4B9D-8788-C84F7A9CC0EE}.Max4Release|Win32.ActiveCfg = Release|Win32
		{F254AA1F-70F9-4B9D-8788-C84F7A9CC0EE}.Max4Release|Win32.Build.0 = Release|Win32
		{F254AA1F-70F9-4B9D-8788-C84F7A9CC0EE}.Profile|Win32.ActiveCfg = Release|Win32
		{F254AA1F-70F9-4B9D-8788-C84F7A9CC0EE}.Profile|Win32.Build.0 = Release|Win32
		{F254AA1F-70F9-4B9D-8788-C84F7A9CC0EE}.ProfileE|Win32.ActiveCfg = Release|Win32
		{F254AA1F-70F9-4B9D-8788-C84F7A9CC0EE}.ProfileE|Win32.Build.0 = Release|Win32
		{F254AA1F-70F9-4B9D-8788-C84F7A9CC0EE}.Release|Win32.ActiveCfg = Release|Win32
		{F254AA1F-70F9-4B9D-8788-C84F7A9CC0EE}.Release|Win32.Build.0 = Release|Win32
		{622AD2CB-5E4D-46C3-B007-2FE8B4329C78}.Debug|Win32.ActiveCfg = Debug|Win32
		{622AD2CB-5E4D-46C3-B007-2FE8B4329C78}.Debug|Win32.Build.0 = Debug|Win32
		{622AD2CB-5E4D-46C3-B007-2FE8B4329C78}.DebugE|Win32.ActiveCfg = Debug|Win32
		{622AD2CB-5E4D-46C3-B007-2FE8B4329C78}.DebugE|Win32.Build.0 = Debug|Win32
		{622AD2CB-5E4D-46C3-B007-2FE8B4329C78}.Hybrid|Win32.ActiveCfg = Release|Win32
		{622AD2CB-5E4D-46C3-B007-2FE8B4329C78}.Hybrid|Win32.Build.0 = Release|Win32
		{622AD2CB-5E4D-46C3-B007-2FE8B4329C78}.Internal|Win32.ActiveCfg = Internal|Win32
		{622AD2CB-5E4D-46C3-B007-2FE8B4329C78}.Internal|Win32.Build.0 = Internal|Win32
		{622AD2CB-5E4D-46C3-B007-2FE8B4329C78}.Max4Hybrid|Win32.ActiveCfg = Release|Win32
		{622AD2CB-5E4D-46C3-B007-2FE8B4329C78}.Max4Hybrid|Win32.Build.0 = Release|Win32
		{622AD2CB-5E4D-46C3-B007-2FE8B4329C78}.Max4Release|Win32.ActiveCfg = Release|Win32
		{622AD2CB-5E4D-46C3-B007-2FE8B4329C78}.Max4Release|Win32.Build.0 = Release|Win32
		{622AD2CB-5E4D-46C3-B007-2FE8B4329C78}.Profile|Win32.ActiveCfg = Release|Win32
		{622AD2CB-5E4D-46C3-B007-2FE8B4329C78}.Profile|Win32.Build.0 = Release|Win32
		{622AD2CB-5E4D-46C3-B007-2FE8B4329C78}.ProfileE|Win32.ActiveCfg = Release|Win32
		{622AD2CB-5E4D-46C3-B007-2FE8B4329C78}.ProfileE|Win32.Build.0 = Release|Win32
		{622AD2CB-5E4D-46C3-B007-2FE8B4329C78}.Release|Win32.ActiveCfg = Release|Win32
		{622AD2CB-5E4D-46C3-B007-2FE8B4329C78}.Release|Win32.Build.0 = Release|Win32
		{ED91CF2D-FF0B-4568-8DC8-9911A75646DC}.Debug|Win32.ActiveCfg = Debug|Win32
		{ED91CF2D-FF0B-4568-8DC8-9911A75646DC}.Debug|Win32.Build.0 = Debug|Win32
		{ED91CF2D-FF0B-4568-8DC8-9911A75646DC}.DebugE|Win32.ActiveCfg = Debug|Win32
		{ED91CF2D-FF0B-4568-8DC8-9911A75646DC}.DebugE|Win32.Build.0 = Debug|Win32
		{ED91CF2D-FF0B-4568-8DC8-9911A75646DC}.Hybrid|Win32.ActiveCfg = Debug|Win32
		{ED91CF2D-FF0B-4568-8DC8-9911A75646DC}.Hybrid|Win32.Build.0 = Debug|Win32
		{ED91CF2D-FF0B-4568-8DC8-9911A75646DC}.Internal|Win32.ActiveCfg = Debug|Win32
		{ED91CF2D-FF0B-4568-8DC8-9911A75646DC}.Internal|Win32.Build.0 = Debug|Win32
		{ED91CF2D-FF0B-4568-8DC8-9911A75646DC}.Max4Hybrid|Win32.ActiveCfg = Debug|Win32
		{ED91CF2D-FF0B-4568-8DC8-9911A75646DC}.Max4Hybrid|Win32.Build.0 = Debug|Win32
		{ED91CF2D-FF0B-4568-8DC8-9911A75646DC}.Max4Release|Win32.ActiveCfg = Release|Win32
		{ED91CF2D-FF0B-4568-8DC8-9911A75646DC}.Max4Release|Win32.Build.0 = Release|Win32
		{ED91CF2D-FF0B-4568-8DC8-9911A75646DC}.Profile|Win32.ActiveCfg = Debug|Win32
		{ED91CF2D-FF0B-4568-8DC8-9911A75646DC}.Profile|Win32.Build.0 = Debug|Win32
		{ED91CF2D-FF0B-4568-8DC8-9911A75646DC}.ProfileE|Win32.ActiveCfg = Debug|Win32
		{ED91CF2D-FF0B-4568-8DC8-9911A75646DC}.ProfileE|Win32.Build.0 = Debug|Win32
		{ED91CF2D-FF0B-4568-8DC8-9911A75646DC}.Release|Win32.ActiveCfg = Release|Win32
		{ED91CF2D-FF0B-4568-8DC8-9911A75646DC}.Release|Win32.Build.0 = Release|Win32
		{1BF80399-C9E3-464C-9263-CFB3C432B74C}.Debug|Win32.ActiveCfg = Debug|Win32
		{1BF80399-C9E3-464C-9263-CFB3C432B74C}.Debug|Win32.Build.0 = Debug|Win32
		{1BF80399-C9E3-464C-9263-CFB3C432B74C}.DebugE|Win32.ActiveCfg = Debug|Win32
		{1BF80399-C9E3-464C-9263-CFB3C432B74C}.DebugE|Win32.Build.0 = Debug|Win32
		{1BF80399-C9E3-464C-9263-CFB3C432B74C}.Hybrid|Win32.ActiveCfg = Debug|Win32
		{1BF80399-C9E3-464C-9263-CFB3C432B74C}.Hybrid|Win32.Build.0 = Debug|Win32
		{1BF80399-C9E3-464C-9263-CFB3C432B74C}.Internal|Win32.ActiveCfg = Internal|Win32
		{1BF80399-C9E3-464C-9263-CFB3C432B74C}.Internal|Win32.Build.0 = Internal|Win32
		{1BF80399-C9E3-464C-9263-CFB3C432B74C}.Max4Hybrid|Win32.ActiveCfg = Debug|Win32
		{1BF80399-C9E3-464C-9263-CFB3C432B74C}.Max4Hybrid|Win32.Build.0 = Debug|Win32
		{1BF80399-C9E3-464C-9263-CFB3C432B74C}.Max4Release|Win32.ActiveCfg = Release|Win32
		{1BF80399-C9E3-464C-9263-CFB3C432B74C}.Max4Release|Win32.Build.0 = Release|Win32
		{1BF80399-C9E3-464C-9263-CFB3C432B74C}.Profile|Win32.ActiveCfg = Debug|Win32
		{1BF80399-C9E3-464C-9263-CFB3C432B74C}.Profile|Win32.Build.0 = Debug|Win32
		{1BF80399-C9E3-464C-9263-CFB3C432B74C}.ProfileE|Win32.ActiveCfg = Debug|Win32
		{1BF80399-C9E3-464C-9263-CFB3C432B74C}.ProfileE|Win32.Build.0 = Debug|Win32
		{1BF80399-C9E3-464C-9263-CFB3C432B74C}.Release|Win32.ActiveCfg = Release|Win32
		{1BF80399-C9E3-464C-9263-CFB3C432B74C}.Release|Win32.Build.0 = Release|Win32
		{46CF04D9-1C8E-4F31-AF11-AE8DBE8A9004}.Debug|Win32.ActiveCfg = Debug|Win32
		{46CF04D9-1C8E-4F31-AF11-AE8DBE8A9004}.Debug|Win32.Build.0 = Debug|Win32
		{46CF04D9-1C8E-4F31-AF11-AE8DBE8A9004}.DebugE|Win32.ActiveCfg = Debug|Win32
		{46CF04D9-1C8E-4F31-AF11-AE8DBE8A9004}.DebugE|Win32.Build.0 = Debug|Win32
		{46CF04D9-1C8E-4F31-AF11-AE8DBE8A9004}.Hybrid|Win32.ActiveCfg = Release|Win32
		{46CF04D9-1C8E-4F31-AF11-AE8DBE8A9004}.Hybrid|Win32.Build.0 = Release|Win32
		{46CF04D9-1C8E-4F31-AF11-AE8DBE8A9004}.Internal|Win32.ActiveCfg = Internal|Win32
		{46CF04D9-1C8E-4F31-AF11-AE8DBE8A9004}.Internal|Win32.Build.0 = Internal|Win32
		{46CF04D9-1C8E-4F31-AF11-AE8DBE8A9004}.Max4Hybrid|Win32.ActiveCfg = Release|Win32
		{46CF04D9-1C8E-4F31-AF11-AE8DBE8A9004}.Max4Hybrid|Win32.Build.0 = Release|Win32
		{46CF04D9-1C8E-4F31-AF11-AE8DBE8A9004}.Max4Release|Win32.ActiveCfg = Release|Win32
		{46CF04D9-1C8E-4F31-AF11-AE8DBE8A9004}.Max4Release|Win32.Build.0 = Release|Win32
		{46CF04D9-1C8E-4F31-AF11-AE8DBE8A9004}.Profile|Win32.ActiveCfg = Release|Win32
		{46CF04D9-1C8E-4F31-AF11-AE8DBE8A9004}.Profile|Win32.Build.0 = Release|Win32
		{46CF04D9-1C8E-4F31-AF11-AE8DBE8A9004}.ProfileE|Win32.ActiveCfg = Release|Win32
		{46CF04D9-1C8E-4F31-AF11-AE8DBE8A9004}.ProfileE|Win32.Build.0 = Release|Win32
		{46CF04D9-1C8E-4F31-AF11-AE8DBE8A9004}.Release|Win32.ActiveCfg = Release|Win32
		{46CF04D9-1C8E-4F31-AF11-AE8DBE8A9004}.Release|Win32.Build.0 = Release|Win32
		{0E6EFCB3-E745-4787-9A22-B606C6517782}.Debug|Win32.ActiveCfg = Debug|Win32
		{0E6EFCB3-E745-4787-9A22-B606C6517782}.Debug|Win32.Build.0 = Debug|Win32
		{0E6EFCB3-E745-4787-9A22-B606C6517782}.DebugE|Win32.ActiveCfg = Debug|Win32
		{0E6EFCB3-E745-4787-9A22-B606C6517782}.DebugE|Win32.Build.0 = Debug|Win32
		{0E6EFCB3-E745-4787-9A22-B606C6517782}.Hybrid|Win32.ActiveCfg = Release|Win32
		{0E6EFCB3-E745-4787-9A22-B606C6517782}.Hybrid|Win32.Build.0 = Release|Win32
		{0E6EFCB3-E745-4787-9A22-B606C6517782}.Internal|Win32.ActiveCfg = Internal|Win32
		{0E6EFCB3-E745-4787-9A22-B606C6517782}.Internal|Win32.Build.0 = Internal|Win32
		{0E6EFCB3-E745-4787-9A22-B606C6517782}.Max4Hybrid|Win32.ActiveCfg = Release|Win32
		{0E6EFCB3-E745-4787-9A22-B606C6517782}.Max4Hybrid|Win32.Build.0 = Release|Win32
		{0E6EFCB3-E745-4787-9A22-B606C6517782}.Max4Release|Win32.ActiveCfg = Release|Win32
		{0E6EFCB3-E745-4787-9A22-B606C6517782}.Max4Release|Win32.Build.0 = Release|Win32
		{0E6EFCB3-E745-4787-9A22-B606C6517782}.Profile|Win32.ActiveCfg = Release|Win32
		{0E6EFCB3-E745-4787-9A22-B606C6517782}.Profile|Win32.Build.0 = Release|Win32
		{0E6EFCB3-E745-4787-9A22-B606C6517782}.ProfileE|Win32.ActiveCfg = Release|Win32
		{0E6EFCB3-E745-4787-9A22-B606C6517782}.ProfileE|Win32.Build.0 = Release|Win32
		{0E6EFCB3-E745-4787-9A22-B606C6517782}.Release|Win32.ActiveCfg = Release|Win32
		{0E6EFCB3-E745-4787-9A22-B606C6517782}.Release|Win32.Build.0 = Release|Win32
		{578B769B-5E19-4929-B943-2E7D2C878615}.Debug|Win32.ActiveCfg = Debug|Win32
		{578B769B-5E19-4929-B943-2E7D2C878615}.Debug|Win32.Build.0 = Debug|Win32
		{578B769B-5E19-4929-B943-2E7D2C878615}.DebugE|Win32.ActiveCfg = Debug|Win32
		{578B769B-5E19-4929-B943-2E7D2C878615}.DebugE|Win32.Build.0 = Debug|Win32
		{578B769B-5E19-4929-B943-2E7D2C878615}.Hybrid|Win32.ActiveCfg = Release|Win32
		{578B769B-5E19-4929-B943-2E7D2C878615}.Hybrid|Win32.Build.0 = Release|Win32
		{578B769B-5E19-4929-B943-2E7D2C878615}.Internal|Win32.ActiveCfg = Release|Win32
		{578B769B-5E19-4929-B943-2E7D2C878615}.Internal|Win32.Build.0 = Release|Win32
		{578B769B-5E19-4929-B943-2E7D2C878615}.Max4Hybrid|Win32.ActiveCfg = Release|Win32
		{578B769B-5E19-4929-B943-2E7D2C878615}.Max4Hybrid|Win32.Build.0 = Release|Win32
		{578B769B-5E19-4929-B943-2E7D2C878615}.Max4Release|Win32.ActiveCfg = Release|Win32
		{578B769B-5E19-4929-B943-2E7D2C878615}.Max4Release|Win32.Build.0 = Release|Win32
		{578B769B-5E19-4929-B943-2E7D2C878615}.Profile|Win32.ActiveCfg = Release|Win32
		{578B769B-5E19-4929-B943-2E7D2C878615}.Profile|Win32.Build.0 = Release|Win32
		{578B769B-5E19-4929-B943-2E7D2C878615}.ProfileE|Win32.ActiveCfg = Release|Win32
		{578B769B-5E19-4929-B943-2E7D2C878615}.ProfileE|Win32.Build.0 = Release|Win32
		{578B769B-5E19-4929-B943-2E7D2C878615}.Release|Win32.ActiveCfg = Release|Win32
		{578B769B-5E19-4929-B943-2E7D2C878615}.Release|Win32.Build.0 = Release|Win32
		{03E354A5-4ED0-436D-8C8C-42E546118CCA}.Debug|Win32.ActiveCfg = Debug|Win32
		{03E354A5-4ED0-436D-8C8C-42E546118CCA}.Debug|Win32.Build.0 = Debug|Win32
		{03E354A5-4ED0-436D-8C8C-42E546118CCA}.DebugE|Win32.ActiveCfg = Debug|Win32
		{03E354A5-4ED0-436D-8C8C-42E546118CCA}.DebugE|Win32.Build.0 = Debug|Win32
		{03E354A5-4ED0-436D-8C8C-42E546118CCA}.Hybrid|Win32.ActiveCfg = Release|Win32
		{03E354A5-4ED0-436D-8C8C-42E546118CCA}.Hybrid|Win32.Build.0 = Release|Win32
		{03E354A5-4ED0-436D-8C8C-42E546118CCA}.Internal|Win32.ActiveCfg = Release|Win32
		{03E354A5-4ED0-436D-8C8C-42E546118CCA}.Internal|Win32.Build.0 = Release|Win32
		{03E354A5-4ED0-436D-8C8C-42E546118CCA}.Max4Hybrid|Win32.ActiveCfg = Release|Win32
		{03E354A5-4ED0-436D-8C8C-42E546118CCA}.Max4Hybrid|Win32.Build.0 = Release|Win32
		{03E354A5-4ED0-436D-8C8C-42E546118CCA}.Max4Release|Win32.ActiveCfg = Release|Win32
		{03E354A5-4ED0-436D-8C8C-42E546118CCA}.Max4Release|Win32.Build.0 = Release|Win32
		{03E354A5-4ED0-436D-8C8C-42E546118CCA}.Profile|Win32.ActiveCfg = Release|Win32
		{03E354A5-4ED0-436D-8C8C-42E546118CCA}.Profile|Win32.Build.0 = Release|Win32
		{03E354A5-4ED0-436D-8C8C-42E546118CCA}.ProfileE|Win32.ActiveCfg = Release|Win32
		{03E354A5-4ED0-436D-8C8C-42E546118CCA}.ProfileE|Win32.Build.0 = Release|Win32
		{03E354A5-4ED0-436D-8C8C-42E546118CCA}.Release|Win32.ActiveCfg = Release|Win32
		{03E354A5-4ED0-436D-8C8C-42E546118CCA}.Release|Win32.Build.0 = Release|Win32
		{0754ABA6-2972-410B-878E-610BE35E6149}.Debug|Win32.ActiveCfg = Debug|Win32
		{0754ABA6-2972-410B-878E-610BE35E6149}.Debug|Win32.Build.0 = Debug|Win32
		{0754ABA6-2972-410B-878E-610BE35E6149}.DebugE|Win32.ActiveCfg = Debug|Win32
		{0754ABA6-2972-410B-878E-610BE35E6149}.DebugE|Win32.Build.0 = Debug|Win32
		{0754ABA6-2972-410B-878E-610BE35E6149}.Hybrid|Win32.ActiveCfg = Hybrid|Win32
		{0754ABA6-2972-410B-878E-610BE35E6149}.Hybrid|Win32.Build.0 = Hybrid|Win32
		{0754ABA6-2972-410B-878E-610BE35E6149}.Internal|Win32.ActiveCfg = Max4Hybrid|Win32
		{0754ABA6-2972-410B-878E-610BE35E6149}.Internal|Win32.Build.0 = Max4Hybrid|Win32
		{0754ABA6-2972-410B-878E-610BE35E6149}.Max4Hybrid|Win32.ActiveCfg = Max4Hybrid|Win32
		{0754ABA6-2972-410B-878E-610BE35E6149}.Max4Hybrid|Win32.Build.0 = Max4Hybrid|Win32
		{0754ABA6-2972-410B-878E-610BE35E6149}.Max4Release|Win32.ActiveCfg = Max4Release|Win32
		{0754ABA6-2972-410B-878E-610BE35E6149}.Max4Release|Win32.Build.0 = Max4Release|Win32
		{0754ABA6-2972-410B-878E-610BE35E6149}.Profile|Win32.ActiveCfg = Max4Hybrid|Win32
		{0754ABA6-2972-410B-878E-610BE35E6149}.Profile|Win32.Build.0 = Max4Hybrid|Win32
		{0754ABA6-2972-410B-878E-610BE35E6149}.ProfileE|Win32.ActiveCfg = Max4Hybrid|Win32
		{0754ABA6-2972-410B-878E-610BE35E6149}.ProfileE|Win32.Build.0 = Max4Hybrid|Win32
		{0754ABA6-2972-410B-878E-610BE35E6149}.Release|Win32.ActiveCfg = Release|Win32
		{0754ABA6-2972-410B-878E-610BE35E6149}.Release|Win32.Build.0 = Release|Win32
		{D2AE9DAA-C895-47CA-93E6-902EC4FA3A30}.Debug|Win32.ActiveCfg = Debug|Win32
		{D2AE9DAA-C895-47CA-93E6-902EC4FA3A30}.Debug|Win32.Build.0 = Debug|Win32
		{D2AE9DAA-C895-47CA-93E6-902EC4FA3A30}.DebugE|Win32.ActiveCfg = Debug|Win32
		{D2AE9DAA-C895-47CA-93E6-902EC4FA3A30}.DebugE|Win32.Build.0 = Debug|Win32
		{D2AE9DAA-C895-47CA-93E6-902EC4FA3A30}.Hybrid|Win32.ActiveCfg = Hybrid|Win32
		{D2AE9DAA-C895-47CA-93E6-902EC4FA3A30}.Hybrid|Win32.Build.0 = Hybrid|Win32
		{D2AE9DAA-C895-47CA-93E6-902EC4FA3A30}.Internal|Win32.ActiveCfg = Release|Win32
		{D2AE9DAA-C895-47CA-93E6-902EC4FA3A30}.Internal|Win32.Build.0 = Release|Win32
		{D2AE9DAA-C895-47CA-93E6-902EC4FA3A30}.Max4Hybrid|Win32.ActiveCfg = Hybrid|Win32
		{D2AE9DAA-C895-47CA-93E6-902EC4FA3A30}.Max4Hybrid|Win32.Build.0 = Hybrid|Win32
		{D2AE9DAA-C895-47CA-93E6-902EC4FA3A30}.Max4Release|Win32.ActiveCfg = Release|Win32
		{D2AE9DAA-C895-47CA-93E6-902EC4FA3A30}.Max4Release|Win32.Build.0 = Release|Win32
		{D2AE9DAA-C895-47CA-93E6-902EC4FA3A30}.Profile|Win32.ActiveCfg = Release|Win32
		{D2AE9DAA-C895-47CA-93E6-902EC4FA3A30}.Profile|Win32.Build.0 = Release|Win32
		{D2AE9DAA-C895-47CA-93E6-902EC4FA3A30}.ProfileE|Win32.ActiveCfg = Release|Win32
		{D2AE9DAA-C895-47CA-93E6-902EC4FA3A30}.ProfileE|Win32.Build.0 = Release|Win32
		{D2AE9DAA-C895-47CA-93E6-902EC4FA3A30}.Release|Win32.ActiveCfg = Release|Win32
		{D2AE9DAA-C895-47CA-93E6-902EC4FA3A30}.Release|Win32.Build.0 = Release|Win32
		{A9A32487-8F25-4F5A-A8CF-0F4D66F93288}.Debug|Win32.ActiveCfg = Debug|Win32
		{A9A32487-8F25-4F5A-A8CF-0F4D66F93288}.Debug|Win32.Build.0 = Debug|Win32
		{A9A32487-8F25-4F5A-A8CF-0F4D66F93288}.DebugE|Win32.ActiveCfg = Debug|Win32
		{A9A32487-8F25-4F5A-A8CF-0F4D66F93288}.DebugE|Win32.Build.0 = Debug|Win32
		{A9A32487-8F25-4F5A-A8CF-0F4D66F93288}.Hybrid|Win32.ActiveCfg = Release|Win32
		{A9A32487-8F25-4F5A-A8CF-0F4D66F93288}.Hybrid|Win32.Build.0 = Release|Win32
		{A9A32487-8F25-4F5A-A8CF-0F4D66F93288}.Internal|Win32.ActiveCfg = Release|Win32
		{A9A32487-8F25-4F5A-A8CF-0F4D66F93288}.Internal|Win32.Build.0 = Release|Win32
		{A9A32487-8F25-4F5A-A8CF-0F4D66F93288}.Max4Hybrid|Win32.ActiveCfg = Release|Win32
		{A9A32487-8F25-4F5A-A8CF-0F4D66F93288}.Max4Hybrid|Win32.Build.0 = Release|Win32
		{A9A32487-8F25-4F5A-A8CF-0F4D66F93288}.Max4Release|Win32.ActiveCfg = Release|Win32
		{A9A32487-8F25-4F5A-A8CF-0F4D66F93288}.Max4Release|Win32.Build.0 = Release|Win32
		{A9A32487-8F25-4F5A-A8CF-0F4D66F93288}.Profile|Win32.ActiveCfg = Release|Win32
		{A9A32487-8F25-4F5A-A8CF-0F4D66F93288}.Profile|Win32.Build.0 = Release|Win32
		{A9A32487-8F25-4F5A-A8CF-0F4D66F93288}.ProfileE|Win32.ActiveCfg = Release|Win32
		{A9A32487-8F25-4F5A-A8CF-0F4D66F93288}.ProfileE|Win32.Build.0 = Release|Win32
		{A9A32487-8F25-4F5A-A8CF-0F4D66F93288}.Release|Win32.ActiveCfg = Release|Win32
		{A9A32487-8F25-4F5A-A8CF-0F4D66F93288}.Release|Win32.Build.0 = Release|Win32
		{83FCC1E0-E231-4C1E-A545-451F7131CEBF}.Debug|Win32.ActiveCfg = Debug|Win32
		{83FCC1E0-E231-4C1E-A545-451F7131CEBF}.Debug|Win32.Build.0 = Debug|Win32
		{83FCC1E0-E231-4C1E-A545-451F7131CEBF}.DebugE|Win32.ActiveCfg = Debug|Win32
		{83FCC1E0-E231-4C1E-A545-451F7131CEBF}.DebugE|Win32.Build.0 = Debug|Win32
		{83FCC1E0-E231-4C1E-A545-451F7131CEBF}.Hybrid|Win32.ActiveCfg = Release|Win32
		{83FCC1E0-E231-4C1E-A545-451F7131CEBF}.Hybrid|Win32.Build.0 = Release|Win32
		{83FCC1E0-E231-4C1E-A545-451F7131CEBF}.Internal|Win32.ActiveCfg = Release|Win32
		{83FCC1E0-E231-4C1E-A545-451F7131CEBF}.Internal|Win32.Build.0 = Release|Win32
		{83FCC1E0-E231-4C1E-A545-451F7131CEBF}.Max4Hybrid|Win32.ActiveCfg = Release|Win32
		{83FCC1E0-E231-4C1E-A545-451F7131CEBF}.Max4Hybrid|Win32.Build.0 = Release|Win32
		{83FCC1E0-E231-4C1E-A545-451F7131CEBF}.Max4Release|Win32.ActiveCfg = Release|Win32
		{83FCC1E0-E231-4C1E-A545-451F7131CEBF}.Max4Release|Win32.Build.0 = Release|Win32
		{83FCC1E0-E231-4C1E-A545-451F7131CEBF}.Profile|Win32.ActiveCfg = Release|Win32
		{83FCC1E0-E231-4C1E-A545-451F7131CEBF}.Profile|Win32.Build.0 = Release|Win32
		{83FCC1E0-E231-4C1E-A545-451F7131CEBF}.ProfileE|Win32.ActiveCfg = Release|Win32
		{83FCC1E0-E231-4C1E-A545-451F7131CEBF}.ProfileE|Win32.Build.0 = Release|Win32
		{83FCC1E0-E231-4C1E-A545-451F7131CEBF}.Release|Win32.ActiveCfg = Release|Win32
		{83FCC1E0-E231-4C1E-A545-451F7131CEBF}.Release|Win32.Build.0 = Release|Win32
		{F7415AFA-EE56-48F9-A42B-3101D93675F6}.Debug|Win32.ActiveCfg = Debug|Win32
		{F7415AFA-EE56-48F9-A42B-3101D93675F6}.Debug|Win32.Build.0 = Debug|Win32
		{F7415AFA-EE56-48F9-A42B-3101D93675F6}.DebugE|Win32.ActiveCfg = DebugE|Win32
		{F7415AFA-EE56-48F9-A42B-3101D93675F6}.DebugE|Win32.Build.0 = DebugE|Win32
		{F7415AFA-EE56-48F9-A42B-3101D93675F6}.Hybrid|Win32.ActiveCfg = Release|Win32
		{F7415AFA-EE56-48F9-A42B-3101D93675F6}.Hybrid|Win32.Build.0 = Release|Win32
		{F7415AFA-EE56-48F9-A42B-3101D93675F6}.Internal|Win32.ActiveCfg = Internal|Win32
		{F7415AFA-EE56-48F9-A42B-3101D93675F6}.Internal|Win32.Build.0 = Internal|Win32
		{F7415AFA-EE56-48F9-A42B-3101D93675F6}.Max4Hybrid|Win32.ActiveCfg = Release|Win32
		{F7415AFA-EE56-48F9-A42B-3101D93675F6}.Max4Hybrid|Win32.Build.0 = Release|Win32
		{F7415AFA-EE56-48F9-A42B-3101D93675F6}.Max4Release|Win32.ActiveCfg = Release|Win32
		{F7415AFA-EE56-48F9-A42B-3101D93675F6}.Max4Release|Win32.Build.0 = Release|Win32
		{F7415AFA-EE56-48F9-A42B-3101D93675F6}.Profile|Win32.ActiveCfg = Profile|Win32
		{F7415AFA-EE56-48F9-A42B-3101D93675F6}.Profile|Win32.Build.0 = Profile|Win32
		{F7415AFA-EE56-48F9-A42B-3101D93675F6}.ProfileE|Win32.ActiveCfg = ProfileE|Win32
		{F7415AFA-EE56-48F9-A42B-3101D93675F6}.ProfileE|Win32.Build.0 = ProfileE|Win32
		{F7415AFA-EE56-48F9-A42B-3101D93675F6}.Release|Win32.ActiveCfg = Release|Win32
		{F7415AFA-EE56-48F9-A42B-3101D93675F6}.Release|Win32.Build.0 = Release|Win32
		{4E83553C-D499-4D91-B744-5AAC6986A33B}.Debug|Win32.ActiveCfg = Debug|Win32
		{4E83553C-D499-4D91-B744-5AAC6986A33B}.Debug|Win32.Build.0 = Debug|Win32
		{4E83553C-D499-4D91-B744-5AAC6986A33B}.DebugE|Win32.ActiveCfg = Debug|Win32
		{4E83553C-D499-4D91-B744-5AAC6986A33B}.DebugE|Win32.Build.0 = Debug|Win32
		{4E83553C-D499-4D91-B744-5AAC6986A33B}.Hybrid|Win32.ActiveCfg = Debug|Win32
		{4E83553C-D499-4D91-B744-5AAC6986A33B}.Hybrid|Win32.Build.0 = Debug|Win32
		{4E83553C-D499-4D91-B744-5AAC6986A33B}.Internal|Win32.ActiveCfg = Internal|Win32
		{4E83553C-D499-4D91-B744-5AAC6986A33B}.Internal|Win32.Build.0 = Internal|Win32
		{4E83553C-D499-4D91-B744-5AAC6986A33B}.Max4Hybrid|Win32.ActiveCfg = Debug|Win32
		{4E83553C-D499-4D91-B744-5AAC6986A33B}.Max4Hybrid|Win32.Build.0 = Debug|Win32
		{4E83553C-D499-4D91-B744-5AAC6986A33B}.Max4Release|Win32.ActiveCfg = Release|Win32
		{4E83553C-D499-4D91-B744-5AAC6986A33B}.Max4Release|Win32.Build.0 = Release|Win32
		{4E83553C-D499-4D91-B744-5AAC6986A33B}.Profile|Win32.ActiveCfg = Profile|Win32
		{4E83553C-D499-4D91-B744-5AAC6986A33B}.Profile|Win32.Build.0 = Profile|Win32
		{4E83553C-D499-4D91-B744-5AAC6986A33B}.ProfileE|Win32.ActiveCfg = Profile|Win32
		{4E83553C-D499-4D91-B744-5AAC6986A33B}.ProfileE|Win32.Build.0 = Profile|Win32
		{4E83553C-D499-4D91-B744-5AAC6986A33B}.Release|Win32.ActiveCfg = Release|Win32
		{4E83553C-D499-4D91-B744-5AAC6986A33B}.Release|Win32.Build.0 = Release|Win32
		{441114DE-F54C-4876-978A-C288103CEEA0}.Debug|Win32.ActiveCfg = Debug|Win32
		{441114DE-F54C-4876-978A-C288103CEEA0}.Debug|Win32.Build.0 = Debug|Win32
		{441114DE-F54C-4876-978A-C288103CEEA0}.DebugE|Win32.ActiveCfg = Debug|Win32
		{441114DE-F54C-4876-978A-C288103CEEA0}.DebugE|Win32.Build.0 = Debug|Win32
		{441114DE-F54C-4876-978A-C288103CEEA0}.Hybrid|Win32.ActiveCfg = Profile|Win32
		{441114DE-F54C-4876-978A-C288103CEEA0}.Hybrid|Win32.Build.0 = Profile|Win32
		{441114DE-F54C-4876-978A-C288103CEEA0}.Internal|Win32.ActiveCfg = Internal|Win32
		{441114DE-F54C-4876-978A-C288103CEEA0}.Internal|Win32.Build.0 = Internal|Win32
		{441114DE-F54C-4876-978A-C288103CEEA0}.Max4Hybrid|Win32.ActiveCfg = Profile|Win32
		{441114DE-F54C-4876-978A-C288103CEEA0}.Max4Hybrid|Win32.Build.0 = Profile|Win32
		{441114DE-F54C-4876-978A-C288103CEEA0}.Max4Release|Win32.ActiveCfg = Release|Win32
		{441114DE-F54C-4876-978A-C288103CEEA0}.Max4Release|Win32.Build.0 = Release|Win32
		{441114DE-F54C-4876-978A-C288103CEEA0}.Profile|Win32.ActiveCfg = Profile|Win32
		{441114DE-F54C-4876-978A-C288103CEEA0}.Profile|Win32.Build.0 = Profile|Win32
		{441114DE-F54C-4876-978A-C288103CEEA0}.ProfileE|Win32.ActiveCfg = Profile|Win32
		{441114DE-F54C-4876-978A-C288103CEEA0}.ProfileE|Win32.Build.0 = Profile|Win32
		{441114DE-F54C-4876-978A-C288103CEEA0}.Release|Win32.ActiveCfg = Release|Win32
		{441114DE-F54C-4876-978A-C288103CEEA0}.Release|Win32.Build.0 = Release|Win32
		{034E07EF-9C39-4A94-9BC9-E19B18996951}.Debug|Win32.ActiveCfg = Debug|Win32
		{034E07EF-9C39-4A94-9BC9-E19B18996951}.Debug|Win32.Build.0 = Debug|Win32
		{034E07EF-9C39-4A94-9BC9-E19B18996951}.DebugE|Win32.ActiveCfg = Debug|Win32
		{034E07EF-9C39-4A94-9BC9-E19B18996951}.DebugE|Win32.Build.0 = Debug|Win32
		{034E07EF-9C39-4A94-9BC9-E19B18996951}.Hybrid|Win32.ActiveCfg = Profile|Win32
		{034E07EF-9C39-4A94-9BC9-E19B18996951}.Hybrid|Win32.Build.0 = Profile|Win32
		{034E07EF-9C39-4A94-9BC9-E19B18996951}.Internal|Win32.ActiveCfg = Internal|Win32
		{034E07EF-9C39-4A94-9BC9-E19B18996951}.Internal|Win32.Build.0 = Internal|Win32
		{034E07EF-9C39-4A94-9BC9-E19B18996951}.Max4Hybrid|Win32.ActiveCfg = Profile|Win32
		{034E07EF-9C39-4A94-9BC9-E19B18996951}.Max4Hybrid|Win32.Build.0 = Profile|Win32
		{034E07EF-9C39-4A94-9BC9-E19B18996951}.Max4Release|Win32.ActiveCfg = Release|Win32
		{034E07EF-9C39-4A94-9BC9-E19B18996951}.Max4Release|Win32.Build.0 = Release|Win32
		{034E07EF-9C39-4A94-9BC9-E19B18996951}.Profile|Win32.ActiveCfg = Profile|Win32
		{034E07EF-9C39-4A94-9BC9-E19B18996951}.Profile|Win32.Build.0 = Profile|Win32
		{034E07EF-9C39-4A94-9BC9-E19B18996951}.ProfileE|Win32.ActiveCfg = Profile|Win32
		{034E07EF-9C39-4A94-9BC9-E19B18996951}.ProfileE|Win32.Build.0 = Profile|Win32
		{034E07EF-9C39-4A94-9BC9-E19B18996951}.Release|Win32.ActiveCfg = Release|Win32
		{034E07EF-9C39-4A94-9BC9-E19B18996951}.Release|Win32.Build.0 = Release|Win32
		{86908043-4887-4A76-8DA4-3350E9932E32}.Debug|Win32.ActiveCfg = Debug|Win32
		{86908043-4887-4A76-8DA4-3350E9932E32}.Debug|Win32.Build.0 = Debug|Win32
		{86908043-4887-4A76-8DA4-3350E9932E32}.DebugE|Win32.ActiveCfg = DebugE|Win32
		{86908043-4887-4A76-8DA4-3350E9932E32}.DebugE|Win32.Build.0 = DebugE|Win32
		{86908043-4887-4A76-8DA4-3350E9932E32}.Hybrid|Win32.ActiveCfg = Debug|Win32
		{86908043-4887-4A76-8DA4-3350E9932E32}.Hybrid|Win32.Build.0 = Debug|Win32
		{86908043-4887-4A76-8DA4-3350E9932E32}.Internal|Win32.ActiveCfg = Internal|Win32
		{86908043-4887-4A76-8DA4-3350E9932E32}.Internal|Win32.Build.0 = Internal|Win32
		{86908043-4887-4A76-8DA4-3350E9932E32}.Max4Hybrid|Win32.ActiveCfg = Debug|Win32
		{86908043-4887-4A76-8DA4-3350E9932E32}.Max4Hybrid|Win32.Build.0 = Debug|Win32
		{86908043-4887-4A76-8DA4-3350E9932E32}.Max4Release|Win32.ActiveCfg = Release|Win32
		{86908043-4887-4A76-8DA4-3350E9932E32}.Max4Release|Win32.Build.0 = Release|Win32
		{86908043-4887-4A76-8DA4-3350E9932E32}.Profile|Win32.ActiveCfg = Profile|Win32
		{86908043-4887-4A76-8DA4-3350E9932E32}.Profile|Win32.Build.0 = Profile|Win32
		{86908043-4887-4A76-8DA4-3350E9932E32}.ProfileE|Win32.ActiveCfg = ProfileE|Win32
		{86908043-4887-4A76-8DA4-3350E9932E32}.ProfileE|Win32.Build.0 = ProfileE|Win32
		{86908043-4887-4A76-8DA4-3350E9932E32}.Release|Win32.ActiveCfg = Release|Win32
		{86908043-4887-4A76-8DA4-3350E9932E32}.Release|Win32.Build.0 = Release|Win32
		{BB333CD2-42E0-4787-8C7F-1ADD61DAF031}.Debug|Win32.ActiveCfg = Debug|Win32
		{BB333CD2-42E0-4787-8C7F-1ADD61DAF031}.Debug|Win32.Build.0 = Debug|Win32
		{BB333CD2-42E0-4787-8C7F-1ADD61DAF031}.DebugE|Win32.ActiveCfg = Debug|Win32
		{BB333CD2-42E0-4787-8C7F-1ADD61DAF031}.DebugE|Win32.Build.0 = Debug|Win32
		{BB333CD2-42E0-4787-8C7F-1ADD61DAF031}.Hybrid|Win32.ActiveCfg = Debug|Win32
		{BB333CD2-42E0-4787-8C7F-1ADD61DAF031}.Hybrid|Win32.Build.0 = Debug|Win32
		{BB333CD2-42E0-4787-8C7F-1ADD61DAF031}.Internal|Win32.ActiveCfg = Internal|Win32
		{BB333CD2-42E0-4787-8C7F-1ADD61DAF031}.Internal|Win32.Build.0 = Internal|Win32
		{BB333CD2-42E0-4787-8C7F-1ADD61DAF031}.Max4Hybrid|Win32.ActiveCfg = Debug|Win32
		{BB333CD2-42E0-4787-8C7F-1ADD61DAF031}.Max4Hybrid|Win32.Build.0 = Debug|Win32
		{BB333CD2-42E0-4787-8C7F-1ADD61DAF031}.Max4Release|Win32.ActiveCfg = Release|Win32
		{BB333CD2-42E0-4787-8C7F-1ADD61DAF031}.Max4Release|Win32.Build.0 = Release|Win32
		{BB333CD2-42E0-4787-8C7F-1ADD61DAF031}.Profile|Win32.ActiveCfg = Profile|Win32
		{BB333CD2-42E0-4787-8C7F-1ADD61DAF031}.Profile|Win32.Build.0 = Profile|Win32
		{BB333CD2-42E0-4787-8C7F-1ADD61DAF031}.ProfileE|Win32.ActiveCfg = Profile|Win32
		{BB333CD2-42E0-4787-8C7F-1ADD61DAF031}.ProfileE|Win32.Build.0 = Profile|Win32
		{BB333CD2-42E0-4787-8C7F-1ADD61DAF031}.Release|Win32.ActiveCfg = Release|Win32
		{BB333CD2-42E0-4787-8C7F-1ADD61DAF031}.Release|Win32.Build.0 = Release|Win32
	EndGlobalSection
	GlobalSection(SolutionProperties) = preSolution
		HideSolutionNode = FALSE
	EndGlobalSection
EndGlobal
